
Microsoft Visual Studio Solution File, Format Version 12.00
# Visual Studio Version 17
VisualStudioVersion = 17.0.31912.275
MinimumVisualStudioVersion = 10.0.40219.1
Project("{2150E333-8FDC-42A3-9474-1A3956D46DE8}") = "Services", "Services", "{B95B2868-CEE6-4081-B484-FAA406270A97}"
EndProject
Project("{2150E333-8FDC-42A3-9474-1A3956D46DE8}") = "Catalog", "Catalog", "{A47DF52D-E3FB-4A35-8F10-1DEDDC6A1D4D}"
EndProject
Project("{9A19103F-16F7-4668-BE54-9A1E7A4F7556}") = "Catalog.API", "Services\Catalog\Catalog.API\Catalog.API.csproj", "{89132BEF-9F70-42B9-BFAC-7F1DE9567CD0}"
EndProject
Project("{E53339B2-1760-4266-BCC7-CA923CBCF16C}") = "docker-compose", "docker-compose.dcproj", "{2658B62B-C4CB-4041-A0C0-A7A0DDFC86DB}"
EndProject
Project("{2150E333-8FDC-42A3-9474-1A3956D46DE8}") = "Basket", "Basket", "{C238255D-53B3-4846-B313-C8369C7926C7}"
EndProject
Project("{9A19103F-16F7-4668-BE54-9A1E7A4F7556}") = "Basket.API", "Basket\Basket.API\Basket.API.csproj", "{06497C5D-D4A9-4078-9092-2FA0B66D1927}"
EndProject
Project("{2150E333-8FDC-42A3-9474-1A3956D46DE8}") = "Discount", "Discount", "{4A693AC0-8B67-4EB7-851E-10B23DD2C743}"
EndProject
Project("{9A19103F-16F7-4668-BE54-9A1E7A4F7556}") = "Discount.API", "Order\Order.API\Discount.API.csproj", "{A8F9FD06-4EC3-4965-B40F-DEBF68A51099}"
EndProject
Project("{9A19103F-16F7-4668-BE54-9A1E7A4F7556}") = "Discount.Grpc", "Services\Discount\Discount.Grpc\Discount.Grpc.csproj", "{7C64DF95-F041-4893-A1B2-8210F4155EE8}"
EndProject
Project("{2150E333-8FDC-42A3-9474-1A3956D46DE8}") = "Ordering", "Ordering", "{9D4C0628-3DC5-40F2-9027-505A83B7B11B}"
EndProject
Project("{9A19103F-16F7-4668-BE54-9A1E7A4F7556}") = "Ordering.API", "Services\Order\Ordering.API\Ordering.API.csproj", "{34B18846-C07F-477E-9170-2C3400DEF5BC}"
EndProject
Project("{9A19103F-16F7-4668-BE54-9A1E7A4F7556}") = "Ordering.Application", "Services\Order\Ordering.Application\Ordering.Application.csproj", "{E07A2481-E82A-464A-8F19-B4272723AF63}"
EndProject
Project("{9A19103F-16F7-4668-BE54-9A1E7A4F7556}") = "Ordering.Domain", "Services\Order\Ordering.Domain\Ordering.Domain.csproj", "{2AD98E15-C418-4135-8E19-23DD46CD0966}"
EndProject
Project("{9A19103F-16F7-4668-BE54-9A1E7A4F7556}") = "Ordering.Infrastructure", "Services\Order\Ordering.Infrastructure\Ordering.Infrastructure.csproj", "{67BAA9AD-3C95-462C-91D5-82DFE39629AE}"
EndProject
Project("{2150E333-8FDC-42A3-9474-1A3956D46DE8}") = "BuildingBlocks", "BuildingBlocks", "{99E3BFFF-B274-42DC-ADDD-E73434238B3A}"
EndProject
Project("{9A19103F-16F7-4668-BE54-9A1E7A4F7556}") = "EventBus.Messages", "BuildingBlocks\EventBus.Messages\EventBus.Messages.csproj", "{287CDB86-49E7-4728-B464-7921C6419091}"
EndProject
Project("{2150E333-8FDC-42A3-9474-1A3956D46DE8}") = "ApiGateways", "ApiGateways", "{76F9378E-1F52-4AE6-9C6B-63C5968C548C}"
EndProject
Project("{9A19103F-16F7-4668-BE54-9A1E7A4F7556}") = "OcelotApiGw", "ApiGateways\OcelotApiGw\OcelotApiGw.csproj", "{00B13A44-40E6-4543-9758-7587B8A6B02A}"
EndProject
Project("{FAE04EC0-301F-11D3-BF4B-00C04F79EFBC}") = "Shopping.Aggregator", "Shopping.Aggregator\Shopping.Aggregator.csproj", "{94519B62-9058-472C-8FF1-B7FB86E05269}"
EndProject
Global
	GlobalSection(SolutionConfigurationPlatforms) = preSolution
		Debug|Any CPU = Debug|Any CPU
		Release|Any CPU = Release|Any CPU
	EndGlobalSection
	GlobalSection(ProjectConfigurationPlatforms) = postSolution
		{89132BEF-9F70-42B9-BFAC-7F1DE9567CD0}.Debug|Any CPU.ActiveCfg = Debug|Any CPU
		{89132BEF-9F70-42B9-BFAC-7F1DE9567CD0}.Debug|Any CPU.Build.0 = Debug|Any CPU
		{89132BEF-9F70-42B9-BFAC-7F1DE9567CD0}.Release|Any CPU.ActiveCfg = Release|Any CPU
		{89132BEF-9F70-42B9-BFAC-7F1DE9567CD0}.Release|Any CPU.Build.0 = Release|Any CPU
		{2658B62B-C4CB-4041-A0C0-A7A0DDFC86DB}.Debug|Any CPU.ActiveCfg = Debug|Any CPU
		{2658B62B-C4CB-4041-A0C0-A7A0DDFC86DB}.Debug|Any CPU.Build.0 = Debug|Any CPU
		{2658B62B-C4CB-4041-A0C0-A7A0DDFC86DB}.Release|Any CPU.ActiveCfg = Release|Any CPU
		{2658B62B-C4CB-4041-A0C0-A7A0DDFC86DB}.Release|Any CPU.Build.0 = Release|Any CPU
		{06497C5D-D4A9-4078-9092-2FA0B66D1927}.Debug|Any CPU.ActiveCfg = Debug|Any CPU
		{06497C5D-D4A9-4078-9092-2FA0B66D1927}.Debug|Any CPU.Build.0 = Debug|Any CPU
		{06497C5D-D4A9-4078-9092-2FA0B66D1927}.Release|Any CPU.ActiveCfg = Release|Any CPU
		{06497C5D-D4A9-4078-9092-2FA0B66D1927}.Release|Any CPU.Build.0 = Release|Any CPU
		{A8F9FD06-4EC3-4965-B40F-DEBF68A51099}.Debug|Any CPU.ActiveCfg = Debug|Any CPU
		{A8F9FD06-4EC3-4965-B40F-DEBF68A51099}.Debug|Any CPU.Build.0 = Debug|Any CPU
		{A8F9FD06-4EC3-4965-B40F-DEBF68A51099}.Release|Any CPU.ActiveCfg = Release|Any CPU
		{A8F9FD06-4EC3-4965-B40F-DEBF68A51099}.Release|Any CPU.Build.0 = Release|Any CPU
		{7C64DF95-F041-4893-A1B2-8210F4155EE8}.Debug|Any CPU.ActiveCfg = Debug|Any CPU
		{7C64DF95-F041-4893-A1B2-8210F4155EE8}.Debug|Any CPU.Build.0 = Debug|Any CPU
		{7C64DF95-F041-4893-A1B2-8210F4155EE8}.Release|Any CPU.ActiveCfg = Release|Any CPU
		{7C64DF95-F041-4893-A1B2-8210F4155EE8}.Release|Any CPU.Build.0 = Release|Any CPU
		{34B18846-C07F-477E-9170-2C3400DEF5BC}.Debug|Any CPU.ActiveCfg = Debug|Any CPU
		{34B18846-C07F-477E-9170-2C3400DEF5BC}.Debug|Any CPU.Build.0 = Debug|Any CPU
		{34B18846-C07F-477E-9170-2C3400DEF5BC}.Release|Any CPU.ActiveCfg = Release|Any CPU
		{34B18846-C07F-477E-9170-2C3400DEF5BC}.Release|Any CPU.Build.0 = Release|Any CPU
		{E07A2481-E82A-464A-8F19-B4272723AF63}.Debug|Any CPU.ActiveCfg = Debug|Any CPU
		{E07A2481-E82A-464A-8F19-B4272723AF63}.Debug|Any CPU.Build.0 = Debug|Any CPU
		{E07A2481-E82A-464A-8F19-B4272723AF63}.Release|Any CPU.ActiveCfg = Release|Any CPU
		{E07A2481-E82A-464A-8F19-B4272723AF63}.Release|Any CPU.Build.0 = Release|Any CPU
		{2AD98E15-C418-4135-8E19-23DD46CD0966}.Debug|Any CPU.ActiveCfg = Debug|Any CPU
		{2AD98E15-C418-4135-8E19-23DD46CD0966}.Debug|Any CPU.Build.0 = Debug|Any CPU
		{2AD98E15-C418-4135-8E19-23DD46CD0966}.Release|Any CPU.ActiveCfg = Release|Any CPU
		{2AD98E15-C418-4135-8E19-23DD46CD0966}.Release|Any CPU.Build.0 = Release|Any CPU
		{67BAA9AD-3C95-462C-91D5-82DFE39629AE}.Debug|Any CPU.ActiveCfg = Debug|Any CPU
		{67BAA9AD-3C95-462C-91D5-82DFE39629AE}.Debug|Any CPU.Build.0 = Debug|Any CPU
		{67BAA9AD-3C95-462C-91D5-82DFE39629AE}.Release|Any CPU.ActiveCfg = Release|Any CPU
		{67BAA9AD-3C95-462C-91D5-82DFE39629AE}.Release|Any CPU.Build.0 = Release|Any CPU
		{287CDB86-49E7-4728-B464-7921C6419091}.Debug|Any CPU.ActiveCfg = Debug|Any CPU
		{287CDB86-49E7-4728-B464-7921C6419091}.Debug|Any CPU.Build.0 = Debug|Any CPU
		{287CDB86-49E7-4728-B464-7921C6419091}.Release|Any CPU.ActiveCfg = Release|Any CPU
		{287CDB86-49E7-4728-B464-7921C6419091}.Release|Any CPU.Build.0 = Release|Any CPU
		{00B13A44-40E6-4543-9758-7587B8A6B02A}.Debug|Any CPU.ActiveCfg = Debug|Any CPU
		{00B13A44-40E6-4543-9758-7587B8A6B02A}.Debug|Any CPU.Build.0 = Debug|Any CPU
		{00B13A44-40E6-4543-9758-7587B8A6B02A}.Release|Any CPU.ActiveCfg = Release|Any CPU
		{00B13A44-40E6-4543-9758-7587B8A6B02A}.Release|Any CPU.Build.0 = Release|Any CPU
		{94519B62-9058-472C-8FF1-B7FB86E05269}.Debug|Any CPU.ActiveCfg = Debug|Any CPU
		{94519B62-9058-472C-8FF1-B7FB86E05269}.Debug|Any CPU.Build.0 = Debug|Any CPU
		{94519B62-9058-472C-8FF1-B7FB86E05269}.Release|Any CPU.ActiveCfg = Release|Any CPU
		{94519B62-9058-472C-8FF1-B7FB86E05269}.Release|Any CPU.Build.0 = Release|Any CPU
	EndGlobalSection
	GlobalSection(SolutionProperties) = preSolution
		HideSolutionNode = FALSE
	EndGlobalSection
	GlobalSection(NestedProjects) = preSolution
		{A47DF52D-E3FB-4A35-8F10-1DEDDC6A1D4D} = {B95B2868-CEE6-4081-B484-FAA406270A97}
		{89132BEF-9F70-42B9-BFAC-7F1DE9567CD0} = {A47DF52D-E3FB-4A35-8F10-1DEDDC6A1D4D}
		{C238255D-53B3-4846-B313-C8369C7926C7} = {B95B2868-CEE6-4081-B484-FAA406270A97}
		{06497C5D-D4A9-4078-9092-2FA0B66D1927} = {C238255D-53B3-4846-B313-C8369C7926C7}
		{4A693AC0-8B67-4EB7-851E-10B23DD2C743} = {B95B2868-CEE6-4081-B484-FAA406270A97}
		{A8F9FD06-4EC3-4965-B40F-DEBF68A51099} = {4A693AC0-8B67-4EB7-851E-10B23DD2C743}
		{7C64DF95-F041-4893-A1B2-8210F4155EE8} = {4A693AC0-8B67-4EB7-851E-10B23DD2C743}
		{9D4C0628-3DC5-40F2-9027-505A83B7B11B} = {B95B2868-CEE6-4081-B484-FAA406270A97}
		{34B18846-C07F-477E-9170-2C3400DEF5BC} = {9D4C0628-3DC5-40F2-9027-505A83B7B11B}
		{E07A2481-E82A-464A-8F19-B4272723AF63} = {9D4C0628-3DC5-40F2-9027-505A83B7B11B}
		{2AD98E15-C418-4135-8E19-23DD46CD0966} = {9D4C0628-3DC5-40F2-9027-505A83B7B11B}
		{67BAA9AD-3C95-462C-91D5-82DFE39629AE} = {9D4C0628-3DC5-40F2-9027-505A83B7B11B}
		{287CDB86-49E7-4728-B464-7921C6419091} = {99E3BFFF-B274-42DC-ADDD-E73434238B3A}
		{00B13A44-40E6-4543-9758-7587B8A6B02A} = {76F9378E-1F52-4AE6-9C6B-63C5968C548C}
		{94519B62-9058-472C-8FF1-B7FB86E05269} = {76F9378E-1F52-4AE6-9C6B-63C5968C548C}
	EndGlobalSection
	GlobalSection(ExtensibilityGlobals) = postSolution
		SolutionGuid = {E43514B8-FE48-48EE-93C4-53729AD15F82}
	EndGlobalSection
EndGlobal
