
Microsoft Visual Studio Solution File, Format Version 12.00
# Visual Studio Version 17
VisualStudioVersion = 17.0.31912.275
MinimumVisualStudioVersion = 10.0.40219.1
Project("{2150E333-8FDC-42A3-9474-1A3956D46DE8}") = "Services", "Services", "{B95B2868-CEE6-4081-B484-FAA406270A97}"
EndProject
Project("{2150E333-8FDC-42A3-9474-1A3956D46DE8}") = "Catalog", "Catalog", "{A47DF52D-E3FB-4A35-8F10-1DEDDC6A1D4D}"
EndProject
Project("{9A19103F-16F7-4668-BE54-9A1E7A4F7556}") = "Catalog.API", "Services\Catalog\Catalog.API\Catalog.API.csproj", "{89132BEF-9F70-42B9-BFAC-7F1DE9567CD0}"
EndProject
Project("{E53339B2-1760-4266-BCC7-CA923CBCF16C}") = "docker-compose", "docker-compose.dcproj", "{2658B62B-C4CB-4041-A0C0-A7A0DDFC86DB}"
EndProject
Global
	GlobalSection(SolutionConfigurationPlatforms) = preSolution
		Debug|Any CPU = Debug|Any CPU
		Release|Any CPU = Release|Any CPU
	EndGlobalSection
	GlobalSection(ProjectConfigurationPlatforms) = postSolution
		{89132BEF-9F70-42B9-BFAC-7F1DE9567CD0}.Debug|Any CPU.ActiveCfg = Debug|Any CPU
		{89132BEF-9F70-42B9-BFAC-7F1DE9567CD0}.Debug|Any CPU.Build.0 = Debug|Any CPU
		{89132BEF-9F70-42B9-BFAC-7F1DE9567CD0}.Release|Any CPU.ActiveCfg = Release|Any CPU
		{89132BEF-9F70-42B9-BFAC-7F1DE9567CD0}.Release|Any CPU.Build.0 = Release|Any CPU
		{2658B62B-C4CB-4041-A0C0-A7A0DDFC86DB}.Debug|Any CPU.ActiveCfg = Debug|Any CPU
		{2658B62B-C4CB-4041-A0C0-A7A0DDFC86DB}.Debug|Any CPU.Build.0 = Debug|Any CPU
		{2658B62B-C4CB-4041-A0C0-A7A0DDFC86DB}.Release|Any CPU.ActiveCfg = Release|Any CPU
		{2658B62B-C4CB-4041-A0C0-A7A0DDFC86DB}.Release|Any CPU.Build.0 = Release|Any CPU
	EndGlobalSection
	GlobalSection(SolutionProperties) = preSolution
		HideSolutionNode = FALSE
	EndGlobalSection
	GlobalSection(NestedProjects) = preSolution
		{A47DF52D-E3FB-4A35-8F10-1DEDDC6A1D4D} = {B95B2868-CEE6-4081-B484-FAA406270A97}
		{89132BEF-9F70-42B9-BFAC-7F1DE9567CD0} = {A47DF52D-E3FB-4A35-8F10-1DEDDC6A1D4D}
	EndGlobalSection
	GlobalSection(ExtensibilityGlobals) = postSolution
		SolutionGuid = {E43514B8-FE48-48EE-93C4-53729AD15F82}
	EndGlobalSection
EndGlobal
